
Microsoft Visual Studio Solution File, Format Version 12.00
# Visual Studio Version 17
VisualStudioVersion = 17.9.34714.143
MinimumVisualStudioVersion = 10.0.40219.1
Project("{FAE04EC0-301F-11D3-BF4B-00C04F79EFBC}") = "qno2", "qno2\qno2.csproj", "{BC535E96-4C8F-49D4-BA40-8C7C58D10CB7}"
EndProject
Global
	GlobalSection(SolutionConfigurationPlatforms) = preSolution
		Debug|Any CPU = Debug|Any CPU
		Release|Any CPU = Release|Any CPU
	EndGlobalSection
	GlobalSection(ProjectConfigurationPlatforms) = postSolution
		{BC535E96-4C8F-49D4-BA40-8C7C58D10CB7}.Debug|Any CPU.ActiveCfg = Debug|Any CPU
		{BC535E96-4C8F-49D4-BA40-8C7C58D10CB7}.Debug|Any CPU.Build.0 = Debug|Any CPU
		{BC535E96-4C8F-49D4-BA40-8C7C58D10CB7}.Release|Any CPU.ActiveCfg = Release|Any CPU
		{BC535E96-4C8F-49D4-BA40-8C7C58D10CB7}.Release|Any CPU.Build.0 = Release|Any CPU
	EndGlobalSection
	GlobalSection(SolutionProperties) = preSolution
		HideSolutionNode = FALSE
	EndGlobalSection
	GlobalSection(ExtensibilityGlobals) = postSolution
		SolutionGuid = {C7E470EC-BA02-41B6-9264-6F8D2361ED3E}
	EndGlobalSection
EndGlobal
