
Microsoft Visual Studio Solution File, Format Version 12.00
# Visual Studio Version 17
VisualStudioVersion = 17.9.34723.18
MinimumVisualStudioVersion = 10.0.40219.1
Project("{FAE04EC0-301F-11D3-BF4B-00C04F79EFBC}") = "AdoNetDemo_Single_Code", "AdoNetDemo_Single_Code\AdoNetDemo_Single_Code.csproj", "{16A969BA-E272-4A9D-A81F-34DE734FD0E0}"
EndProject
Global
	GlobalSection(SolutionConfigurationPlatforms) = preSolution
		Debug|Any CPU = Debug|Any CPU
		Release|Any CPU = Release|Any CPU
	EndGlobalSection
	GlobalSection(ProjectConfigurationPlatforms) = postSolution
		{16A969BA-E272-4A9D-A81F-34DE734FD0E0}.Debug|Any CPU.ActiveCfg = Debug|Any CPU
		{16A969BA-E272-4A9D-A81F-34DE734FD0E0}.Debug|Any CPU.Build.0 = Debug|Any CPU
		{16A969BA-E272-4A9D-A81F-34DE734FD0E0}.Release|Any CPU.ActiveCfg = Release|Any CPU
		{16A969BA-E272-4A9D-A81F-34DE734FD0E0}.Release|Any CPU.Build.0 = Release|Any CPU
	EndGlobalSection
	GlobalSection(SolutionProperties) = preSolution
		HideSolutionNode = FALSE
	EndGlobalSection
	GlobalSection(ExtensibilityGlobals) = postSolution
		SolutionGuid = {961C159C-177D-469B-A0AF-8E6D18B2E415}
	EndGlobalSection
EndGlobal
