
Microsoft Visual Studio Solution File, Format Version 12.00
# Visual Studio Version 17
VisualStudioVersion = 17.9.34723.18
MinimumVisualStudioVersion = 10.0.40219.1
Project("{FAE04EC0-301F-11D3-BF4B-00C04F79EFBC}") = "SimpleInterestApp", "SimpleInterestApp\SimpleInterestApp.csproj", "{687AF1E0-B325-48C4-B172-3A44AF8587FE}"
EndProject
Global
	GlobalSection(SolutionConfigurationPlatforms) = preSolution
		Debug|Any CPU = Debug|Any CPU
		Release|Any CPU = Release|Any CPU
	EndGlobalSection
	GlobalSection(ProjectConfigurationPlatforms) = postSolution
		{687AF1E0-B325-48C4-B172-3A44AF8587FE}.Debug|Any CPU.ActiveCfg = Debug|Any CPU
		{687AF1E0-B325-48C4-B172-3A44AF8587FE}.Debug|Any CPU.Build.0 = Debug|Any CPU
		{687AF1E0-B325-48C4-B172-3A44AF8587FE}.Release|Any CPU.ActiveCfg = Release|Any CPU
		{687AF1E0-B325-48C4-B172-3A44AF8587FE}.Release|Any CPU.Build.0 = Release|Any CPU
	EndGlobalSection
	GlobalSection(SolutionProperties) = preSolution
		HideSolutionNode = FALSE
	EndGlobalSection
	GlobalSection(ExtensibilityGlobals) = postSolution
		SolutionGuid = {AC8A8CAA-1FD9-40D6-B923-81C0EA1082B6}
	EndGlobalSection
EndGlobal
